
Microsoft Visual Studio Solution File, Format Version 12.00
# Visual Studio Version 17
VisualStudioVersion = 17.9.34728.123
MinimumVisualStudioVersion = 10.0.40219.1
Project("{FAE04EC0-301F-11D3-BF4B-00C04F79EFBC}") = "DATNSolution.Webapp", "DATNSolution.Webapp\DATNSolution.Webapp.csproj", "{D3523A94-5833-487D-9FDF-871BBB554AD4}"
EndProject
Project("{FAE04EC0-301F-11D3-BF4B-00C04F79EFBC}") = "DATNSolution.ViewModels", "DATNSolution.ViewModels\DATNSolution.ViewModels.csproj", "{2BB7CF2F-84A0-46C2-B719-E0A80C566CC4}"
EndProject
Project("{FAE04EC0-301F-11D3-BF4B-00C04F79EFBC}") = "DATNSolution.Api", "DATNSolution.Api\DATNSolution.Api.csproj", "{93F16663-4930-4844-927C-0869926942E0}"
EndProject
Project("{FAE04EC0-301F-11D3-BF4B-00C04F79EFBC}") = "DATNSolution.Database", "DATNSolution.Database\DATNSolution.Database.csproj", "{82123224-A73C-452B-8813-C1D0C25A2CED}"
EndProject
Project("{FAE04EC0-301F-11D3-BF4B-00C04F79EFBC}") = "DATNSolution.Services", "DATNSolution.Services\DATNSolution.Services.csproj", "{36F949E9-B2FE-42D9-AA97-331795CE6AA4}"
EndProject
Global
	GlobalSection(SolutionConfigurationPlatforms) = preSolution
		Debug|Any CPU = Debug|Any CPU
		Release|Any CPU = Release|Any CPU
	EndGlobalSection
	GlobalSection(ProjectConfigurationPlatforms) = postSolution
		{D3523A94-5833-487D-9FDF-871BBB554AD4}.Debug|Any CPU.ActiveCfg = Debug|Any CPU
		{D3523A94-5833-487D-9FDF-871BBB554AD4}.Debug|Any CPU.Build.0 = Debug|Any CPU
		{D3523A94-5833-487D-9FDF-871BBB554AD4}.Release|Any CPU.ActiveCfg = Release|Any CPU
		{D3523A94-5833-487D-9FDF-871BBB554AD4}.Release|Any CPU.Build.0 = Release|Any CPU
		{2BB7CF2F-84A0-46C2-B719-E0A80C566CC4}.Debug|Any CPU.ActiveCfg = Debug|Any CPU
		{2BB7CF2F-84A0-46C2-B719-E0A80C566CC4}.Debug|Any CPU.Build.0 = Debug|Any CPU
		{2BB7CF2F-84A0-46C2-B719-E0A80C566CC4}.Release|Any CPU.ActiveCfg = Release|Any CPU
		{2BB7CF2F-84A0-46C2-B719-E0A80C566CC4}.Release|Any CPU.Build.0 = Release|Any CPU
		{93F16663-4930-4844-927C-0869926942E0}.Debug|Any CPU.ActiveCfg = Debug|Any CPU
		{93F16663-4930-4844-927C-0869926942E0}.Debug|Any CPU.Build.0 = Debug|Any CPU
		{93F16663-4930-4844-927C-0869926942E0}.Release|Any CPU.ActiveCfg = Release|Any CPU
		{93F16663-4930-4844-927C-0869926942E0}.Release|Any CPU.Build.0 = Release|Any CPU
		{82123224-A73C-452B-8813-C1D0C25A2CED}.Debug|Any CPU.ActiveCfg = Debug|Any CPU
		{82123224-A73C-452B-8813-C1D0C25A2CED}.Debug|Any CPU.Build.0 = Debug|Any CPU
		{82123224-A73C-452B-8813-C1D0C25A2CED}.Release|Any CPU.ActiveCfg = Release|Any CPU
		{82123224-A73C-452B-8813-C1D0C25A2CED}.Release|Any CPU.Build.0 = Release|Any CPU
		{36F949E9-B2FE-42D9-AA97-331795CE6AA4}.Debug|Any CPU.ActiveCfg = Debug|Any CPU
		{36F949E9-B2FE-42D9-AA97-331795CE6AA4}.Debug|Any CPU.Build.0 = Debug|Any CPU
		{36F949E9-B2FE-42D9-AA97-331795CE6AA4}.Release|Any CPU.ActiveCfg = Release|Any CPU
		{36F949E9-B2FE-42D9-AA97-331795CE6AA4}.Release|Any CPU.Build.0 = Release|Any CPU
	EndGlobalSection
	GlobalSection(SolutionProperties) = preSolution
		HideSolutionNode = FALSE
	EndGlobalSection
	GlobalSection(ExtensibilityGlobals) = postSolution
		SolutionGuid = {C26B5E35-86B1-4B2D-A517-34B2903D72D2}
	EndGlobalSection
EndGlobal
